PODS:
  - AFNetworking (3.1.0):
    - AFNetworking/NSURLSession (= 3.1.0)
    - AFNetworking/Reachability (= 3.1.0)
    - AFNetworking/Security (= 3.1.0)
    - AFNetworking/Serialization (= 3.1.0)
    - AFNetworking/UIKit (= 3.1.0)
  - AFNetworking/NSURLSession (3.1.0):
    - AFNetworking/Reachability
    - AFNetworking/Security
    - AFNetworking/Serialization
  - AFNetworking/Reachability (3.1.0)
  - AFNetworking/Security (3.1.0)
  - AFNetworking/Serialization (3.1.0)
  - AFNetworking/UIKit (3.1.0):
    - AFNetworking/NSURLSession
  - FMDB (2.6.2):
    - FMDB/standard (= 2.6.2)
  - FMDB/standard (2.6.2)
  - iCarousel (1.8.2)
  - IQKeyboardManager (3.3.7)
  - JSONKit (1.4)
  - LDProgressView (1.2.1)
  - MBProgressHUD (0.9.2)
  - MJRefresh (3.1.10)
  - RESideMenu (4.0.7)
  - SDWebImage (3.8.1):
    - SDWebImage/Core (= 3.8.1)
  - SDWebImage/Core (3.8.1)
  - SKSTableView (0.0.2)
  - SVProgressHUD (2.0.3)

DEPENDENCIES:
  - AFNetworking
  - FMDB
  - iCarousel
  - IQKeyboardManager
  - JSONKit
  - LDProgressView
  - MBProgressHUD
  - MJRefresh
  - RESideMenu
  - SDWebImage
  - SKSTableView
  - SVProgressHUD

SPEC CHECKSUMS:
  AFNetworking: 5e0e199f73d8626b11e79750991f5d173d1f8b67
  FMDB: 854a0341b4726e53276f2a8996f06f1b80f9259a
  iCarousel: 67c8a43da5a46795b56aadfc96cd36a16f6149b2
  IQKeyboardManager: 249c3946acf61345c18b038eb50863fe2793e3a8
  JSONKit: 5b69e804ea54d99293eed0fd2ce596c5703fefb0
  LDProgressView: f6afc7c30d2a9edf33001515f3189338567a32d2
  MBProgressHUD: 1569cf7ace17a8bac47aabfbb8580a49690386d1
  MJRefresh: bb72948c985914b0b5cecac573a2c69a8915fb02
  RESideMenu: f24c508404b49c667344c54aba7e590883533958
  SDWebImage: 35f9627a3e44b4f292a8a8ce6a531fa488239b91
  SKSTableView: f552b4847d0f11425891420473c3e041a7743a06
  SVProgressHUD: b0830714205bea1317ea1a2ebc71e5633af334d4

PODFILE CHECKSUM: 551d69555bf7b8c035034a98c253f951e1eaa3f5

COCOAPODS: 1.0.1
